
Microsoft Visual Studio Solution File, Format Version 12.00
# Visual Studio Version 16
VisualStudioVersion = 16.0.31205.134
MinimumVisualStudioVersion = 10.0.40219.1
Project("{8BC9CEB8-8B4A-11D0-8D11-00A0C91BC942}") = "VolumeKeeper", "VolumeKeeper\VolumeKeeper.vcxproj", "{571DF31D-5C51-4438-905A-9E506944652C}"
EndProject
Global
	GlobalSection(SolutionConfigurationPlatforms) = preSolution
		Debug|x64 = Debug|x64
		Debug|x86 = Debug|x86
		Release|x64 = Release|x64
		Release|x86 = Release|x86
	EndGlobalSection
	GlobalSection(ProjectConfigurationPlatforms) = postSolution
		{571DF31D-5C51-4438-905A-9E506944652C}.Debug|x64.ActiveCfg = Debug|x64
		{571DF31D-5C51-4438-905A-9E506944652C}.Debug|x64.Build.0 = Debug|x64
		{571DF31D-5C51-4438-905A-9E506944652C}.Debug|x86.ActiveCfg = Debug|Win32
		{571DF31D-5C51-4438-905A-9E506944652C}.Debug|x86.Build.0 = Debug|Win32
		{571DF31D-5C51-4438-905A-9E506944652C}.Release|x64.ActiveCfg = Release|x64
		{571DF31D-5C51-4438-905A-9E506944652C}.Release|x64.Build.0 = Release|x64
		{571DF31D-5C51-4438-905A-9E506944652C}.Release|x86.ActiveCfg = Release|Win32
		{571DF31D-5C51-4438-905A-9E506944652C}.Release|x86.Build.0 = Release|Win32
	EndGlobalSection
	GlobalSection(SolutionProperties) = preSolution
		HideSolutionNode = FALSE
	EndGlobalSection
	GlobalSection(ExtensibilityGlobals) = postSolution
		SolutionGuid = {F0A0EFFF-F3A0-420E-A363-C45ACEEBD747}
	EndGlobalSection
EndGlobal
